
Microsoft Visual Studio Solution File, Format Version 12.00
# Visual Studio Version 17
VisualStudioVersion = 17.6.33829.357
MinimumVisualStudioVersion = 10.0.40219.1
Project("{2150E333-8FDC-42A3-9474-1A3956D46DE8}") = "API", "API", "{936BBDE9-7175-44A3-BC02-C4C293134E0A}"
EndProject
Project("{FAE04EC0-301F-11D3-BF4B-00C04F79EFBC}") = "MovieApi", "API\MovieApi\MovieApi.csproj", "{0300BE03-EC84-4718-8AC6-4B34367A9A0A}"
EndProject
Global
	GlobalSection(SolutionConfigurationPlatforms) = preSolution
		Debug|Any CPU = Debug|Any CPU
		Release|Any CPU = Release|Any CPU
	EndGlobalSection
	GlobalSection(ProjectConfigurationPlatforms) = postSolution
		{0300BE03-EC84-4718-8AC6-4B34367A9A0A}.Debug|Any CPU.ActiveCfg = Debug|Any CPU
		{0300BE03-EC84-4718-8AC6-4B34367A9A0A}.Debug|Any CPU.Build.0 = Debug|Any CPU
		{0300BE03-EC84-4718-8AC6-4B34367A9A0A}.Release|Any CPU.ActiveCfg = Release|Any CPU
		{0300BE03-EC84-4718-8AC6-4B34367A9A0A}.Release|Any CPU.Build.0 = Release|Any CPU
	EndGlobalSection
	GlobalSection(SolutionProperties) = preSolution
		HideSolutionNode = FALSE
	EndGlobalSection
	GlobalSection(NestedProjects) = preSolution
		{0300BE03-EC84-4718-8AC6-4B34367A9A0A} = {936BBDE9-7175-44A3-BC02-C4C293134E0A}
	EndGlobalSection
	GlobalSection(ExtensibilityGlobals) = postSolution
		SolutionGuid = {0A15D02B-D8EB-43EC-A9F6-5A4C91669F8F}
	EndGlobalSection
EndGlobal
